
Microsoft Visual Studio Solution File, Format Version 12.00
# Visual Studio Version 17
VisualStudioVersion = 17.13.35931.197 d17.13
MinimumVisualStudioVersion = 10.0.40219.1
Project("{FAE04EC0-301F-11D3-BF4B-00C04F79EFBC}") = "ex18.05Agent", "ex18.05Agent.csproj", "{6EEC3BB4-2D04-4D82-9FC4-169F6416A716}"
EndProject
Global
	GlobalSection(SolutionConfigurationPlatforms) = preSolution
		Debug|Any CPU = Debug|Any CPU
		Release|Any CPU = Release|Any CPU
	EndGlobalSection
	GlobalSection(ProjectConfigurationPlatforms) = postSolution
		{6EEC3BB4-2D04-4D82-9FC4-169F6416A716}.Debug|Any CPU.ActiveCfg = Debug|Any CPU
		{6EEC3BB4-2D04-4D82-9FC4-169F6416A716}.Debug|Any CPU.Build.0 = Debug|Any CPU
		{6EEC3BB4-2D04-4D82-9FC4-169F6416A716}.Release|Any CPU.ActiveCfg = Release|Any CPU
		{6EEC3BB4-2D04-4D82-9FC4-169F6416A716}.Release|Any CPU.Build.0 = Release|Any CPU
	EndGlobalSection
	GlobalSection(SolutionProperties) = preSolution
		HideSolutionNode = FALSE
	EndGlobalSection
	GlobalSection(ExtensibilityGlobals) = postSolution
		SolutionGuid = {2D87F4A2-5504-42F3-A68D-CF494E7548D8}
	EndGlobalSection
EndGlobal
